
Microsoft Visual Studio Solution File, Format Version 11.00
# Visual Studio 2010
Project("{FAE04EC0-301F-11D3-BF4B-00C04F79EFBC}") = "Assembly-CSharp", "Assembly-CSharp.csproj", "{c0ad3439-caee-8957-314c-9784c0e53c0e}"
EndProject
Project("{FAE04EC0-301F-11D3-BF4B-00C04F79EFBC}") = "Assembly-CSharp-Editor", "Assembly-CSharp-Editor.csproj", "{2f3bd66c-cb6b-d77a-32dc-df135b8fb2be}"
EndProject
Global
	GlobalSection(SolutionConfigurationPlatforms) = preSolution
		Debug|Any CPU = Debug|Any CPU
	EndGlobalSection
	GlobalSection(ProjectConfigurationPlatforms) = postSolution
		{c0ad3439-caee-8957-314c-9784c0e53c0e}.Debug|Any CPU.ActiveCfg = Debug|Any CPU
		{c0ad3439-caee-8957-314c-9784c0e53c0e}.Debug|Any CPU.Build.0 = Debug|Any CPU
		{2f3bd66c-cb6b-d77a-32dc-df135b8fb2be}.Debug|Any CPU.ActiveCfg = Debug|Any CPU
		{2f3bd66c-cb6b-d77a-32dc-df135b8fb2be}.Debug|Any CPU.Build.0 = Debug|Any CPU
	EndGlobalSection
	GlobalSection(SolutionProperties) = preSolution
		HideSolutionNode = FALSE
	EndGlobalSection
EndGlobal
